// !$*UTF8*$!
{
	archiveVersion = 1;
	classes = {
	};
	objectVersion = 48;
	objects = {

/* Begin PBXBuildFile section */
		0D8AE5A41FEAA20E00F95CDE /* main.swift in Sources */ = {isa = PBXBuildFile; fileRef = 0D8AE5A31FEAA20E00F95CDE /* main.swift */; };
		0D8AE5AB1FEAB3B900F95CDE /* FizzBuzzFormatter.swift in Sources */ = {isa = PBXBuildFile; fileRef = 0D8AE5AA1FEAB3B900F95CDE /* FizzBuzzFormatter.swift */; };
		0D8AE5B31FEAB79000F95CDE /* FizzBuzzSwiftTest.swift in Sources */ = {isa = PBXBuildFile; fileRef = 0D8AE5B21FEAB79000F95CDE /* FizzBuzzSwiftTest.swift */; };
		0DD664811FEACAE900527EE2 /* FizzBuzzFormatter.swift in Sources */ = {isa = PBXBuildFile; fileRef = 0D8AE5AA1FEAB3B900F95CDE /* FizzBuzzFormatter.swift */; };
/* End PBXBuildFile section */

/* Begin PBXCopyFilesBuildPhase section */
		0D8AE59E1FEAA20E00F95CDE /* CopyFiles */ = {
			isa = PBXCopyFilesBuildPhase;
			buildActionMask = 2147483647;
			dstPath = /usr/share/man/man1/;
			dstSubfolderSpec = 0;
			files = (
			);
			runOnlyForDeploymentPostprocessing = 1;
		};
/* End PBXCopyFilesBuildPhase section */

/* Begin PBXFileReference section */
		0D8AE5A01FEAA20E00F95CDE /* FizzBuzzSwift */ = {isa = PBXFileReference; explicitFileType = "compiled.mach-o.executable"; includeInIndex = 0; path = FizzBuzzSwift; sourceTree = BUILT_PRODUCTS_DIR; };
		0D8AE5A31FEAA20E00F95CDE /* main.swift */ = {isa = PBXFileReference; lastKnownFileType = sourcecode.swift; path = main.swift; sourceTree = "<group>"; };
		0D8AE5AA1FEAB3B900F95CDE /* FizzBuzzFormatter.swift */ = {isa = PBXFileReference; lastKnownFileType = sourcecode.swift; path = FizzBuzzFormatter.swift; sourceTree = "<group>"; };
		0D8AE5B01FEAB79000F95CDE /* FizzBuzzSwiftTest.xctest */ = {isa = PBXFileReference; explicitFileType = wrapper.cfbundle; includeInIndex = 0; path = FizzBuzzSwiftTest.xctest; sourceTree = BUILT_PRODUCTS_DIR; };
		0D8AE5B21FEAB79000F95CDE /* FizzBuzzSwiftTest.swift */ = {isa = PBXFileReference; lastKnownFileType = sourcecode.swift; path = FizzBuzzSwiftTest.swift; sourceTree = "<group>"; };
		0D8AE5B41FEAB79000F95CDE /* Info.plist */ = {isa = PBXFileReference; lastKnownFileType = text.plist.xml; path = Info.plist; sourceTree = "<group>"; };
/* End PBXFileReference section */

/* Begin PBXFrameworksBuildPhase section */
		0D8AE59D1FEAA20E00F95CDE /* Frameworks */ = {
			isa = PBXFrameworksBuildPhase;
			buildActionMask = 2147483647;
			files = (
			);
			runOnlyForDeploymentPostprocessing = 0;
		};
		0D8AE5AD1FEAB79000F95CDE /* Frameworks */ = {
			isa = PBXFrameworksBuildPhase;
			buildActionMask = 2147483647;
			files = (
			);
			runOnlyForDeploymentPostprocessing = 0;
		};
/* End PBXFrameworksBuildPhase section */

/* Begin PBXGroup section */
		0D8AE5971FEAA20E00F95CDE = {
			isa = PBXGroup;
			children = (
				0D8AE5A21FEAA20E00F95CDE /* FizzBuzzSwift */,
				0D8AE5B11FEAB79000F95CDE /* FizzBuzzSwiftTest */,
				0D8AE5A11FEAA20E00F95CDE /* Products */,
			);
			sourceTree = "<group>";
		};
		0D8AE5A11FEAA20E00F95CDE /* Products */ = {
			isa = PBXGroup;
			children = (
				0D8AE5A01FEAA20E00F95CDE /* FizzBuzzSwift */,
				0D8AE5B01FEAB79000F95CDE /* FizzBuzzSwiftTest.xctest */,
			);
			name = Products;
			sourceTree = "<group>";
		};
		0D8AE5A21FEAA20E00F95CDE /* FizzBuzzSwift */ = {
			isa = PBXGroup;
			children = (
				0D8AE5A31FEAA20E00F95CDE /* main.swift */,
				0D8AE5AA1FEAB3B900F95CDE /* FizzBuzzFormatter.swift */,
			);
			path = FizzBuzzSwift;
			sourceTree = "<group>";
		};
		0D8AE5B11FEAB79000F95CDE /* FizzBuzzSwiftTest */ = {
			isa = PBXGroup;
			children = (
				0D8AE5B21FEAB79000F95CDE /* FizzBuzzSwiftTest.swift */,
				0D8AE5B41FEAB79000F95CDE /* Info.plist */,
			);
			path = FizzBuzzSwiftTest;
			sourceTree = "<group>";
		};
/* End PBXGroup section */

/* Begin PBXNativeTarget section */
		0D8AE59F1FEAA20E00F95CDE /* FizzBuzzSwift */ = {
			isa = PBXNativeTarget;
			buildConfigurationList = 0D8AE5A71FEAA20E00F95CDE /* Build configuration list for PBXNativeTarget "FizzBuzzSwift" */;
			buildPhases = (
				0D8AE59C1FEAA20E00F95CDE /* Sources */,
				0D8AE59D1FEAA20E00F95CDE /* Frameworks */,
				0D8AE59E1FEAA20E00F95CDE /* CopyFiles */,
			);
			buildRules = (
			);
			dependencies = (
			);
			name = FizzBuzzSwift;
			productName = FizzBuzzSwift;
			productReference = 0D8AE5A01FEAA20E00F95CDE /* FizzBuzzSwift */;
			productType = "com.apple.product-type.tool";
		};
		0D8AE5AF1FEAB79000F95CDE /* FizzBuzzSwiftTest */ = {
			isa = PBXNativeTarget;
			buildConfigurationList = 0D8AE5B51FEAB79000F95CDE /* Build configuration list for PBXNativeTarget "FizzBuzzSwiftTest" */;
			buildPhases = (
				0D8AE5AC1FEAB79000F95CDE /* Sources */,
				0D8AE5AD1FEAB79000F95CDE /* Frameworks */,
				0D8AE5AE1FEAB79000F95CDE /* Resources */,
			);
			buildRules = (
			);
			dependencies = (
			);
			name = FizzBuzzSwiftTest;
			productName = FizzBuzzSwiftTest;
			productReference = 0D8AE5B01FEAB79000F95CDE /* FizzBuzzSwiftTest.xctest */;
			productType = "com.apple.product-type.bundle.unit-test";
		};
/* End PBXNativeTarget section */

/* Begin PBXProject section */
		0D8AE5981FEAA20E00F95CDE /* Project object */ = {
			isa = PBXProject;
			attributes = {
				LastSwiftUpdateCheck = 0920;
				LastUpgradeCheck = 0920;
				ORGANIZATIONNAME = Notarize;
				TargetAttributes = {
					0D8AE59F1FEAA20E00F95CDE = {
						CreatedOnToolsVersion = 9.2;
						ProvisioningStyle = Automatic;
					};
					0D8AE5AF1FEAB79000F95CDE = {
						CreatedOnToolsVersion = 9.2;
						ProvisioningStyle = Automatic;
					};
				};
			};
			buildConfigurationList = 0D8AE59B1FEAA20E00F95CDE /* Build configuration list for PBXProject "FizzBuzzSwift" */;
			compatibilityVersion = "Xcode 8.0";
			developmentRegion = en;
			hasScannedForEncodings = 0;
			knownRegions = (
				en,
			);
			mainGroup = 0D8AE5971FEAA20E00F95CDE;
			productRefGroup = 0D8AE5A11FEAA20E00F95CDE /* Products */;
			projectDirPath = "";
			projectRoot = "";
			targets = (
				0D8AE59F1FEAA20E00F95CDE /* FizzBuzzSwift */,
				0D8AE5AF1FEAB79000F95CDE /* FizzBuzzSwiftTest */,
			);
		};
/* End PBXProject section */

/* Begin PBXResourcesBuildPhase section */
		0D8AE5AE1FEAB79000F95CDE /* Resources */ = {
			isa = PBXResourcesBuildPhase;
			buildActionMask = 2147483647;
			files = (
			);
			runOnlyForDeploymentPostprocessing = 0;
		};
/* End PBXResourcesBuildPhase section */

/* Begin PBXSourcesBuildPhase section */
		0D8AE59C1FEAA20E00F95CDE /* Sources */ = {
			isa = PBXSourcesBuildPhase;
			buildActionMask = 2147483647;
			files = (
				0D8AE5AB1FEAB3B900F95CDE /* FizzBuzzFormatter.swift in Sources */,
				0D8AE5A41FEAA20E00F95CDE /* main.swift in Sources */,
			);
			runOnlyForDeploymentPostprocessing = 0;
		};
		0D8AE5AC1FEAB79000F95CDE /* Sources */ = {
			isa = PBXSourcesBuildPhase;
			buildActionMask = 2147483647;
			files = (
				0DD664811FEACAE900527EE2 /* FizzBuzzFormatter.swift in Sources */,
				0D8AE5B31FEAB79000F95CDE /* FizzBuzzSwiftTest.swift in Sources */,
			);
			runOnlyForDeploymentPostprocessing = 0;
		};
/* End PBXSourcesBuildPhase section */

/* Begin XCBuildConfiguration section */
		0D8AE5A51FEAA20E00F95CDE /* Debug */ = {
			isa = XCBuildConfiguration;
			buildSettings = {
				ALWAYS_SEARCH_USER_PATHS = NO;
				CLANG_ANALYZER_NONNULL = YES;
				CLANG_ANALYZER_NUMBER_OBJECT_CONVERSION = YES_AGGRESSIVE;
				CLANG_CXX_LANGUAGE_STANDARD = "gnu++14";
				CLANG_CXX_LIBRARY = "libc++";
				CLANG_ENABLE_MODULES = YES;
				CLANG_ENABLE_OBJC_ARC = YES;
				CLANG_WARN_BLOCK_CAPTURE_AUTORELEASING = YES;
				CLANG_WARN_BOOL_CONVERSION = YES;
				CLANG_WARN_COMMA = YES;
				CLANG_WARN_CONSTANT_CONVERSION = YES;
				CLANG_WARN_DIRECT_OBJC_ISA_USAGE = YES_ERROR;
				CLANG_WARN_DOCUMENTATION_COMMENTS = YES;
				CLANG_WARN_EMPTY_BODY = YES;
				CLANG_WARN_ENUM_CONVERSION = YES;
				CLANG_WARN_INFINITE_RECURSION = YES;
				CLANG_WARN_INT_CONVERSION = YES;
				CLANG_WARN_NON_LITERAL_NULL_CONVERSION = YES;
				CLANG_WARN_OBJC_LITERAL_CONVERSION = YES;
				CLANG_WARN_OBJC_ROOT_CLASS = YES_ERROR;
				CLANG_WARN_RANGE_LOOP_ANALYSIS = YES;
				CLANG_WARN_STRICT_PROTOTYPES = YES;
				CLANG_WARN_SUSPICIOUS_MOVE = YES;
				CLANG_WARN_UNGUARDED_AVAILABILITY = YES_AGGRESSIVE;
				CLANG_WARN_UNREACHABLE_CODE = YES;
				CLANG_WARN__DUPLICATE_METHOD_MATCH = YES;
				CODE_SIGN_IDENTITY = "Mac Developer";
				COPY_PHASE_STRIP = NO;
				DEBUG_INFORMATION_FORMAT = dwarf;
				ENABLE_STRICT_OBJC_MSGSEND = YES;
				ENABLE_TESTABILITY = YES;
				GCC_C_LANGUAGE_STANDARD = gnu11;
				GCC_DYNAMIC_NO_PIC = NO;
				GCC_NO_COMMON_BLOCKS = YES;
				GCC_OPTIMIZATION_LEVEL = 0;
				GCC_PREPROCESSOR_DEFINITIONS = (
					"DEBUG=1",
					"$(inherited)",
				);
				GCC_WARN_64_TO_32_BIT_CONVERSION = YES;
				GCC_WARN_ABOUT_RETURN_TYPE = YES_ERROR;
				GCC_WARN_UNDECLARED_SELECTOR = YES;
				GCC_WARN_UNINITIALIZED_AUTOS = YES_AGGRESSIVE;
				GCC_WARN_UNUSED_FUNCTION = YES;
				GCC_WARN_UNUSED_VARIABLE = YES;
				MACOSX_DEPLOYMENT_TARGET = 10.12;
				MTL_ENABLE_DEBUG_INFO = YES;
				ONLY_ACTIVE_ARCH = YES;
				SDKROOT = macosx;
				SWIFT_ACTIVE_COMPILATION_CONDITIONS = DEBUG;
				SWIFT_OPTIMIZATION_LEVEL = "-Onone";
			};
			name = Debug;
		};
		0D8AE5A61FEAA20E00F95CDE /* Release */ = {
			isa = XCBuildConfiguration;
			buildSettings = {
				ALWAYS_SEARCH_USER_PATHS = NO;
				CLANG_ANALYZER_NONNULL = YES;
				CLANG_ANALYZER_NUMBER_OBJECT_CONVERSION = YES_AGGRESSIVE;
				CLANG_CXX_LANGUAGE_STANDARD = "gnu++14";
				CLANG_CXX_LIBRARY = "libc++";
				CLANG_ENABLE_MODULES = YES;
				CLANG_ENABLE_OBJC_ARC = YES;
				CLANG_WARN_BLOCK_CAPTURE_AUTORELEASING = YES;
				CLANG_WARN_BOOL_CONVERSION = YES;
				CLANG_WARN_COMMA = YES;
				CLANG_WARN_CONSTANT_CONVERSION = YES;
				CLANG_WARN_DIRECT_OBJC_ISA_USAGE = YES_ERROR;
				CLANG_WARN_DOCUMENTATION_COMMENTS = YES;
				CLANG_WARN_EMPTY_BODY = YES;
				CLANG_WARN_ENUM_CONVERSION = YES;
				CLANG_WARN_INFINITE_RECURSION = YES;
				CLANG_WARN_INT_CONVERSION = YES;
				CLANG_WARN_NON_LITERAL_NULL_CONVERSION = YES;
				CLANG_WARN_OBJC_LITERAL_CONVERSION = YES;
				CLANG_WARN_OBJC_ROOT_CLASS = YES_ERROR;
				CLANG_WARN_RANGE_LOOP_ANALYSIS = YES;
				CLANG_WARN_STRICT_PROTOTYPES = YES;
				CLANG_WARN_SUSPICIOUS_MOVE = YES;
				CLANG_WARN_UNGUARDED_AVAILABILITY = YES_AGGRESSIVE;
				CLANG_WARN_UNREACHABLE_CODE = YES;
				CLANG_WARN__DUPLICATE_METHOD_MATCH = YES;
				CODE_SIGN_IDENTITY = "Mac Developer";
				COPY_PHASE_STRIP = NO;
				DEBUG_INFORMATION_FORMAT = "dwarf-with-dsym";
				ENABLE_NS_ASSERTIONS = NO;
				ENABLE_STRICT_OBJC_MSGSEND = YES;
				GCC_C_LANGUAGE_STANDARD = gnu11;
				GCC_NO_COMMON_BLOCKS = YES;
				GCC_WARN_64_TO_32_BIT_CONVERSION = YES;
				GCC_WARN_ABOUT_RETURN_TYPE = YES_ERROR;
				GCC_WARN_UNDECLARED_SELECTOR = YES;
				GCC_WARN_UNINITIALIZED_AUTOS = YES_AGGRESSIVE;
				GCC_WARN_UNUSED_FUNCTION = YES;
				GCC_WARN_UNUSED_VARIABLE = YES;
				MACOSX_DEPLOYMENT_TARGET = 10.12;
				MTL_ENABLE_DEBUG_INFO = NO;
				SDKROOT = macosx;
				SWIFT_OPTIMIZATION_LEVEL = "-Owholemodule";
			};
			name = Release;
		};
		0D8AE5A81FEAA20E00F95CDE /* Debug */ = {
			isa = XCBuildConfiguration;
			buildSettings = {
				CODE_SIGN_STYLE = Automatic;
				DEVELOPMENT_TEAM = KYYZGVVJ5W;
				PRODUCT_NAME = "$(TARGET_NAME)";
				SWIFT_VERSION = 4.0;
			};
			name = Debug;
		};
		0D8AE5A91FEAA20E00F95CDE /* Release */ = {
			isa = XCBuildConfiguration;
			buildSettings = {
				CODE_SIGN_STYLE = Automatic;
				DEVELOPMENT_TEAM = KYYZGVVJ5W;
				PRODUCT_NAME = "$(TARGET_NAME)";
				SWIFT_VERSION = 4.0;
			};
			name = Release;
		};
		0D8AE5B61FEAB79000F95CDE /* Debug */ = {
			isa = XCBuildConfiguration;
			buildSettings = {
				CODE_SIGN_STYLE = Automatic;
				COMBINE_HIDPI_IMAGES = YES;
				DEVELOPMENT_TEAM = KYYZGVVJ5W;
				INFOPLIST_FILE = FizzBuzzSwiftTest/Info.plist;
				LD_RUNPATH_SEARCH_PATHS = "$(inherited) @executable_path/../Frameworks @loader_path/../Frameworks";
				PRODUCT_BUNDLE_IDENTIFIER = com.notarize.FizzBuzzSwiftTest;
				PRODUCT_NAME = "$(TARGET_NAME)";
				SWIFT_VERSION = 4.0;
			};
			name = Debug;
		};
		0D8AE5B71FEAB79000F95CDE /* Release */ = {
			isa = XCBuildConfiguration;
			buildSettings = {
				CODE_SIGN_STYLE = Automatic;
				COMBINE_HIDPI_IMAGES = YES;
				DEVELOPMENT_TEAM = KYYZGVVJ5W;
				INFOPLIST_FILE = FizzBuzzSwiftTest/Info.plist;
				LD_RUNPATH_SEARCH_PATHS = "$(inherited) @executable_path/../Frameworks @loader_path/../Frameworks";
				PRODUCT_BUNDLE_IDENTIFIER = com.notarize.FizzBuzzSwiftTest;
				PRODUCT_NAME = "$(TARGET_NAME)";
				SWIFT_VERSION = 4.0;
			};
			name = Release;
		};
/* End XCBuildConfiguration section */

/* Begin XCConfigurationList section */
		0D8AE59B1FEAA20E00F95CDE /* Build configuration list for PBXProject "FizzBuzzSwift" */ = {
			isa = XCConfigurationList;
			buildConfigurations = (
				0D8AE5A51FEAA20E00F95CDE /* Debug */,
				0D8AE5A61FEAA20E00F95CDE /* Release */,
			);
			defaultConfigurationIsVisible = 0;
			defaultConfigurationName = Release;
		};
		0D8AE5A71FEAA20E00F95CDE /* Build configuration list for PBXNativeTarget "FizzBuzzSwift" */ = {
			isa = XCConfigurationList;
			buildConfigurations = (
				0D8AE5A81FEAA20E00F95CDE /* Debug */,
				0D8AE5A91FEAA20E00F95CDE /* Release */,
			);
			defaultConfigurationIsVisible = 0;
			defaultConfigurationName = Release;
		};
		0D8AE5B51FEAB79000F95CDE /* Build configuration list for PBXNativeTarget "FizzBuzzSwiftTest" */ = {
			isa = XCConfigurationList;
			buildConfigurations = (
				0D8AE5B61FEAB79000F95CDE /* Debug */,
				0D8AE5B71FEAB79000F95CDE /* Release */,
			);
			defaultConfigurationIsVisible = 0;
			defaultConfigurationName = Release;
		};
/* End XCConfigurationList section */
	};
	rootObject = 0D8AE5981FEAA20E00F95CDE /* Project object */;
}
